
Microsoft Visual Studio Solution File, Format Version 12.00
# Visual Studio Version 16
VisualStudioVersion = 16.0.30413.136
MinimumVisualStudioVersion = 10.0.40219.1
Project("{FAE04EC0-301F-11D3-BF4B-00C04F79EFBC}") = "Observer", "Observer.csproj", "{292F6389-AEBA-4EAA-B504-C7CCD4443CC8}"
EndProject
Global
	GlobalSection(SolutionConfigurationPlatforms) = preSolution
		Debug|Any CPU = Debug|Any CPU
		Release|Any CPU = Release|Any CPU
	EndGlobalSection
	GlobalSection(ProjectConfigurationPlatforms) = postSolution
		{292F6389-AEBA-4EAA-B504-C7CCD4443CC8}.Debug|Any CPU.ActiveCfg = Debug|Any CPU
		{292F6389-AEBA-4EAA-B504-C7CCD4443CC8}.Debug|Any CPU.Build.0 = Debug|Any CPU
		{292F6389-AEBA-4EAA-B504-C7CCD4443CC8}.Release|Any CPU.ActiveCfg = Release|Any CPU
		{292F6389-AEBA-4EAA-B504-C7CCD4443CC8}.Release|Any CPU.Build.0 = Release|Any CPU
	EndGlobalSection
	GlobalSection(SolutionProperties) = preSolution
		HideSolutionNode = FALSE
	EndGlobalSection
	GlobalSection(ExtensibilityGlobals) = postSolution
		SolutionGuid = {BED2DD1C-798C-4EE3-AC17-D700654D8E54}
	EndGlobalSection
EndGlobal
