
Microsoft Visual Studio Solution File, Format Version 12.00
# Visual Studio Version 16
VisualStudioVersion = 16.0.30413.136
MinimumVisualStudioVersion = 10.0.40219.1
Project("{FAE04EC0-301F-11D3-BF4B-00C04F79EFBC}") = "SimpleFactory", "SimpleFactory.csproj", "{DCA70E6D-9426-464A-B6A3-F25438BF312D}"
EndProject
Global
	GlobalSection(SolutionConfigurationPlatforms) = preSolution
		Debug|Any CPU = Debug|Any CPU
		Release|Any CPU = Release|Any CPU
	EndGlobalSection
	GlobalSection(ProjectConfigurationPlatforms) = postSolution
		{DCA70E6D-9426-464A-B6A3-F25438BF312D}.Debug|Any CPU.ActiveCfg = Debug|Any CPU
		{DCA70E6D-9426-464A-B6A3-F25438BF312D}.Debug|Any CPU.Build.0 = Debug|Any CPU
		{DCA70E6D-9426-464A-B6A3-F25438BF312D}.Release|Any CPU.ActiveCfg = Release|Any CPU
		{DCA70E6D-9426-464A-B6A3-F25438BF312D}.Release|Any CPU.Build.0 = Release|Any CPU
	EndGlobalSection
	GlobalSection(SolutionProperties) = preSolution
		HideSolutionNode = FALSE
	EndGlobalSection
	GlobalSection(ExtensibilityGlobals) = postSolution
		SolutionGuid = {2247257D-7D67-4F08-9ACD-9F897DECC78C}
	EndGlobalSection
EndGlobal
